
Microsoft Visual Studio Solution File, Format Version 12.00
# Visual Studio Version 16
VisualStudioVersion = 16.0.30225.117
MinimumVisualStudioVersion = 10.0.40219.1
Project("{FAE04EC0-301F-11D3-BF4B-00C04F79EFBC}") = "XML serialization", "XML serialization\XML serialization.csproj", "{A5AF1ED8-0A21-4596-8E66-187F7E9E133F}"
EndProject
Global
	GlobalSection(SolutionConfigurationPlatforms) = preSolution
		Debug|Any CPU = Debug|Any CPU
		Release|Any CPU = Release|Any CPU
	EndGlobalSection
	GlobalSection(ProjectConfigurationPlatforms) = postSolution
		{A5AF1ED8-0A21-4596-8E66-187F7E9E133F}.Debug|Any CPU.ActiveCfg = Debug|Any CPU
		{A5AF1ED8-0A21-4596-8E66-187F7E9E133F}.Debug|Any CPU.Build.0 = Debug|Any CPU
		{A5AF1ED8-0A21-4596-8E66-187F7E9E133F}.Release|Any CPU.ActiveCfg = Release|Any CPU
		{A5AF1ED8-0A21-4596-8E66-187F7E9E133F}.Release|Any CPU.Build.0 = Release|Any CPU
	EndGlobalSection
	GlobalSection(SolutionProperties) = preSolution
		HideSolutionNode = FALSE
	EndGlobalSection
	GlobalSection(ExtensibilityGlobals) = postSolution
		SolutionGuid = {730DCD0C-D8C0-4EB6-AD35-5CB9E9EFEBC9}
	EndGlobalSection
EndGlobal
